
Microsoft Visual Studio Solution File, Format Version 12.00
# Visual Studio Version 17
VisualStudioVersion = 17.2.32414.248
MinimumVisualStudioVersion = 10.0.40219.1
Project("{FAE04EC0-301F-11D3-BF4B-00C04F79EFBC}") = "LAb12", "LAb12\LAb12.csproj", "{0E76AA5B-69EE-4F12-8C2E-262845494C38}"
EndProject
Global
	GlobalSection(SolutionConfigurationPlatforms) = preSolution
		Debug|Any CPU = Debug|Any CPU
		Release|Any CPU = Release|Any CPU
	EndGlobalSection
	GlobalSection(ProjectConfigurationPlatforms) = postSolution
		{0E76AA5B-69EE-4F12-8C2E-262845494C38}.Debug|Any CPU.ActiveCfg = Debug|Any CPU
		{0E76AA5B-69EE-4F12-8C2E-262845494C38}.Debug|Any CPU.Build.0 = Debug|Any CPU
		{0E76AA5B-69EE-4F12-8C2E-262845494C38}.Release|Any CPU.ActiveCfg = Release|Any CPU
		{0E76AA5B-69EE-4F12-8C2E-262845494C38}.Release|Any CPU.Build.0 = Release|Any CPU
	EndGlobalSection
	GlobalSection(SolutionProperties) = preSolution
		HideSolutionNode = FALSE
	EndGlobalSection
	GlobalSection(ExtensibilityGlobals) = postSolution
		SolutionGuid = {E6E38EDC-9057-49E0-A2AC-3D0D9A0873D4}
	EndGlobalSection
EndGlobal
